
Microsoft Visual Studio Solution File, Format Version 12.00
# Visual Studio Version 17
VisualStudioVersion = 17.3.32901.215
MinimumVisualStudioVersion = 10.0.40219.1
Project("{8BC9CEB8-8B4A-11D0-8D11-00A0C91BC942}") = "1.Hello world", "Hello world\Hello world.vcxproj", "{6B170C03-F0D4-45CF-9BFD-B087648AE917}"
EndProject
Project("{8BC9CEB8-8B4A-11D0-8D11-00A0C91BC942}") = "2.A+B", "A+B\A+B.vcxproj", "{7C8A2D1D-1DFB-433B-B885-F5DF03ABBEDF}"
EndProject
Project("{8BC9CEB8-8B4A-11D0-8D11-00A0C91BC942}") = "3.输出多个变量", "输出多个变量\输出多个变量.vcxproj", "{5E9E1087-2453-4387-B072-C64B5A86736A}"
EndProject
Project("{8BC9CEB8-8B4A-11D0-8D11-00A0C91BC942}") = "4.scanf和printf", "scanf和printf\scanf和printf.vcxproj", "{C2A71135-8659-42E4-8634-CD151F49A4AF}"
EndProject
Project("{8BC9CEB8-8B4A-11D0-8D11-00A0C91BC942}") = "5.浮点数输入输出", "5.浮点数输入输出\5.浮点数输入输出.vcxproj", "{246EA64F-9DE6-4FDF-AF9C-782E07A6EA27}"
EndProject
Project("{8BC9CEB8-8B4A-11D0-8D11-00A0C91BC942}") = "6.保留小数个数", "保留小数个数\保留小数个数.vcxproj", "{B21045EA-B826-445A-846D-8EEC7E1B4A13}"
EndProject
Project("{8BC9CEB8-8B4A-11D0-8D11-00A0C91BC942}") = "7.字符输入输出", "字符输入输出\字符输入输出.vcxproj", "{57AA0896-18A1-40CF-BFF6-5A8FC2D65AC9}"
EndProject
Project("{8BC9CEB8-8B4A-11D0-8D11-00A0C91BC942}") = "8.double和长型", "double和长型\double和长型.vcxproj", "{6705ADFA-6997-47B8-B65E-34895CA17CA9}"
EndProject
Project("{8BC9CEB8-8B4A-11D0-8D11-00A0C91BC942}") = "0.Exercise", "0.Exercise\0.Exercise.vcxproj", "{7152A608-359A-4EAC-A7F0-33013F6B0DD1}"
EndProject
Project("{8BC9CEB8-8B4A-11D0-8D11-00A0C91BC942}") = "9.取余运算", "9.取余运算\9.取余运算.vcxproj", "{B90D8710-099E-4F22-95E6-3C8EECE0956D}"
EndProject
Project("{8BC9CEB8-8B4A-11D0-8D11-00A0C91BC942}") = "10.自加自减运算", "10.自加自减运算\10.自加自减运算.vcxproj", "{38BB17D8-C9C5-4619-A816-9ECF6564AF73}"
EndProject
Project("{8BC9CEB8-8B4A-11D0-8D11-00A0C91BC942}") = "11.缩写运算符", "11.缩写运算符\11.缩写运算符.vcxproj", "{B35ECA6C-525A-41F6-911F-B047A5A09F1D}"
EndProject
Project("{8BC9CEB8-8B4A-11D0-8D11-00A0C91BC942}") = "12.强制类型转换", "12.强制类型转换\12.强制类型转换.vcxproj", "{CD3DF5FE-836A-42D7-A889-C9AE1096F262}"
EndProject
Project("{8BC9CEB8-8B4A-11D0-8D11-00A0C91BC942}") = "例1.输出第二个整数", "输出第二个整数\输出第二个整数.vcxproj", "{34C36CD5-FE36-4B64-967D-D7E80F5FBA1A}"
EndProject
Project("{8BC9CEB8-8B4A-11D0-8D11-00A0C91BC942}") = "例2.输出（a+b）乘c的值", "例2.输出（a+b）乘c的值\例2.输出（a+b）乘c的值.vcxproj", "{2315D053-CA54-4073-BCCA-28021A301CC7}"
EndProject
Global
	GlobalSection(SolutionConfigurationPlatforms) = preSolution
		Debug|x64 = Debug|x64
		Debug|x86 = Debug|x86
		Release|x64 = Release|x64
		Release|x86 = Release|x86
	EndGlobalSection
	GlobalSection(ProjectConfigurationPlatforms) = postSolution
		{6B170C03-F0D4-45CF-9BFD-B087648AE917}.Debug|x64.ActiveCfg = Debug|x64
		{6B170C03-F0D4-45CF-9BFD-B087648AE917}.Debug|x64.Build.0 = Debug|x64
		{6B170C03-F0D4-45CF-9BFD-B087648AE917}.Debug|x86.ActiveCfg = Debug|Win32
		{6B170C03-F0D4-45CF-9BFD-B087648AE917}.Debug|x86.Build.0 = Debug|Win32
		{6B170C03-F0D4-45CF-9BFD-B087648AE917}.Release|x64.ActiveCfg = Release|x64
		{6B170C03-F0D4-45CF-9BFD-B087648AE917}.Release|x64.Build.0 = Release|x64
		{6B170C03-F0D4-45CF-9BFD-B087648AE917}.Release|x86.ActiveCfg = Release|Win32
		{6B170C03-F0D4-45CF-9BFD-B087648AE917}.Release|x86.Build.0 = Release|Win32
		{7C8A2D1D-1DFB-433B-B885-F5DF03ABBEDF}.Debug|x64.ActiveCfg = Debug|x64
		{7C8A2D1D-1DFB-433B-B885-F5DF03ABBEDF}.Debug|x64.Build.0 = Debug|x64
		{7C8A2D1D-1DFB-433B-B885-F5DF03ABBEDF}.Debug|x86.ActiveCfg = Debug|Win32
		{7C8A2D1D-1DFB-433B-B885-F5DF03ABBEDF}.Debug|x86.Build.0 = Debug|Win32
		{7C8A2D1D-1DFB-433B-B885-F5DF03ABBEDF}.Release|x64.ActiveCfg = Release|x64
		{7C8A2D1D-1DFB-433B-B885-F5DF03ABBEDF}.Release|x64.Build.0 = Release|x64
		{7C8A2D1D-1DFB-433B-B885-F5DF03ABBEDF}.Release|x86.ActiveCfg = Release|Win32
		{7C8A2D1D-1DFB-433B-B885-F5DF03ABBEDF}.Release|x86.Build.0 = Release|Win32
		{5E9E1087-2453-4387-B072-C64B5A86736A}.Debug|x64.ActiveCfg = Debug|x64
		{5E9E1087-2453-4387-B072-C64B5A86736A}.Debug|x64.Build.0 = Debug|x64
		{5E9E1087-2453-4387-B072-C64B5A86736A}.Debug|x86.ActiveCfg = Debug|Win32
		{5E9E1087-2453-4387-B072-C64B5A86736A}.Debug|x86.Build.0 = Debug|Win32
		{5E9E1087-2453-4387-B072-C64B5A86736A}.Release|x64.ActiveCfg = Release|x64
		{5E9E1087-2453-4387-B072-C64B5A86736A}.Release|x64.Build.0 = Release|x64
		{5E9E1087-2453-4387-B072-C64B5A86736A}.Release|x86.ActiveCfg = Release|Win32
		{5E9E1087-2453-4387-B072-C64B5A86736A}.Release|x86.Build.0 = Release|Win32
		{C2A71135-8659-42E4-8634-CD151F49A4AF}.Debug|x64.ActiveCfg = Debug|x64
		{C2A71135-8659-42E4-8634-CD151F49A4AF}.Debug|x64.Build.0 = Debug|x64
		{C2A71135-8659-42E4-8634-CD151F49A4AF}.Debug|x86.ActiveCfg = Debug|Win32
		{C2A71135-8659-42E4-8634-CD151F49A4AF}.Debug|x86.Build.0 = Debug|Win32
		{C2A71135-8659-42E4-8634-CD151F49A4AF}.Release|x64.ActiveCfg = Release|x64
		{C2A71135-8659-42E4-8634-CD151F49A4AF}.Release|x64.Build.0 = Release|x64
		{C2A71135-8659-42E4-8634-CD151F49A4AF}.Release|x86.ActiveCfg = Release|Win32
		{C2A71135-8659-42E4-8634-CD151F49A4AF}.Release|x86.Build.0 = Release|Win32
		{246EA64F-9DE6-4FDF-AF9C-782E07A6EA27}.Debug|x64.ActiveCfg = Debug|x64
		{246EA64F-9DE6-4FDF-AF9C-782E07A6EA27}.Debug|x64.Build.0 = Debug|x64
		{246EA64F-9DE6-4FDF-AF9C-782E07A6EA27}.Debug|x86.ActiveCfg = Debug|Win32
		{246EA64F-9DE6-4FDF-AF9C-782E07A6EA27}.Debug|x86.Build.0 = Debug|Win32
		{246EA64F-9DE6-4FDF-AF9C-782E07A6EA27}.Release|x64.ActiveCfg = Release|x64
		{246EA64F-9DE6-4FDF-AF9C-782E07A6EA27}.Release|x64.Build.0 = Release|x64
		{246EA64F-9DE6-4FDF-AF9C-782E07A6EA27}.Release|x86.ActiveCfg = Release|Win32
		{246EA64F-9DE6-4FDF-AF9C-782E07A6EA27}.Release|x86.Build.0 = Release|Win32
		{B21045EA-B826-445A-846D-8EEC7E1B4A13}.Debug|x64.ActiveCfg = Debug|x64
		{B21045EA-B826-445A-846D-8EEC7E1B4A13}.Debug|x64.Build.0 = Debug|x64
		{B21045EA-B826-445A-846D-8EEC7E1B4A13}.Debug|x86.ActiveCfg = Debug|Win32
		{B21045EA-B826-445A-846D-8EEC7E1B4A13}.Debug|x86.Build.0 = Debug|Win32
		{B21045EA-B826-445A-846D-8EEC7E1B4A13}.Release|x64.ActiveCfg = Release|x64
		{B21045EA-B826-445A-846D-8EEC7E1B4A13}.Release|x64.Build.0 = Release|x64
		{B21045EA-B826-445A-846D-8EEC7E1B4A13}.Release|x86.ActiveCfg = Release|Win32
		{B21045EA-B826-445A-846D-8EEC7E1B4A13}.Release|x86.Build.0 = Release|Win32
		{57AA0896-18A1-40CF-BFF6-5A8FC2D65AC9}.Debug|x64.ActiveCfg = Debug|x64
		{57AA0896-18A1-40CF-BFF6-5A8FC2D65AC9}.Debug|x64.Build.0 = Debug|x64
		{57AA0896-18A1-40CF-BFF6-5A8FC2D65AC9}.Debug|x86.ActiveCfg = Debug|Win32
		{57AA0896-18A1-40CF-BFF6-5A8FC2D65AC9}.Debug|x86.Build.0 = Debug|Win32
		{57AA0896-18A1-40CF-BFF6-5A8FC2D65AC9}.Release|x64.ActiveCfg = Release|x64
		{57AA0896-18A1-40CF-BFF6-5A8FC2D65AC9}.Release|x64.Build.0 = Release|x64
		{57AA0896-18A1-40CF-BFF6-5A8FC2D65AC9}.Release|x86.ActiveCfg = Release|Win32
		{57AA0896-18A1-40CF-BFF6-5A8FC2D65AC9}.Release|x86.Build.0 = Release|Win32
		{6705ADFA-6997-47B8-B65E-34895CA17CA9}.Debug|x64.ActiveCfg = Debug|x64
		{6705ADFA-6997-47B8-B65E-34895CA17CA9}.Debug|x64.Build.0 = Debug|x64
		{6705ADFA-6997-47B8-B65E-34895CA17CA9}.Debug|x86.ActiveCfg = Debug|Win32
		{6705ADFA-6997-47B8-B65E-34895CA17CA9}.Debug|x86.Build.0 = Debug|Win32
		{6705ADFA-6997-47B8-B65E-34895CA17CA9}.Release|x64.ActiveCfg = Release|x64
		{6705ADFA-6997-47B8-B65E-34895CA17CA9}.Release|x64.Build.0 = Release|x64
		{6705ADFA-6997-47B8-B65E-34895CA17CA9}.Release|x86.ActiveCfg = Release|Win32
		{6705ADFA-6997-47B8-B65E-34895CA17CA9}.Release|x86.Build.0 = Release|Win32
		{7152A608-359A-4EAC-A7F0-33013F6B0DD1}.Debug|x64.ActiveCfg = Debug|x64
		{7152A608-359A-4EAC-A7F0-33013F6B0DD1}.Debug|x64.Build.0 = Debug|x64
		{7152A608-359A-4EAC-A7F0-33013F6B0DD1}.Debug|x86.ActiveCfg = Debug|Win32
		{7152A608-359A-4EAC-A7F0-33013F6B0DD1}.Debug|x86.Build.0 = Debug|Win32
		{7152A608-359A-4EAC-A7F0-33013F6B0DD1}.Release|x64.ActiveCfg = Release|x64
		{7152A608-359A-4EAC-A7F0-33013F6B0DD1}.Release|x64.Build.0 = Release|x64
		{7152A608-359A-4EAC-A7F0-33013F6B0DD1}.Release|x86.ActiveCfg = Release|Win32
		{7152A608-359A-4EAC-A7F0-33013F6B0DD1}.Release|x86.Build.0 = Release|Win32
		{B90D8710-099E-4F22-95E6-3C8EECE0956D}.Debug|x64.ActiveCfg = Debug|x64
		{B90D8710-099E-4F22-95E6-3C8EECE0956D}.Debug|x64.Build.0 = Debug|x64
		{B90D8710-099E-4F22-95E6-3C8EECE0956D}.Debug|x86.ActiveCfg = Debug|Win32
		{B90D8710-099E-4F22-95E6-3C8EECE0956D}.Debug|x86.Build.0 = Debug|Win32
		{B90D8710-099E-4F22-95E6-3C8EECE0956D}.Release|x64.ActiveCfg = Release|x64
		{B90D8710-099E-4F22-95E6-3C8EECE0956D}.Release|x64.Build.0 = Release|x64
		{B90D8710-099E-4F22-95E6-3C8EECE0956D}.Release|x86.ActiveCfg = Release|Win32
		{B90D8710-099E-4F22-95E6-3C8EECE0956D}.Release|x86.Build.0 = Release|Win32
		{38BB17D8-C9C5-4619-A816-9ECF6564AF73}.Debug|x64.ActiveCfg = Debug|x64
		{38BB17D8-C9C5-4619-A816-9ECF6564AF73}.Debug|x64.Build.0 = Debug|x64
		{38BB17D8-C9C5-4619-A816-9ECF6564AF73}.Debug|x86.ActiveCfg = Debug|Win32
		{38BB17D8-C9C5-4619-A816-9ECF6564AF73}.Debug|x86.Build.0 = Debug|Win32
		{38BB17D8-C9C5-4619-A816-9ECF6564AF73}.Release|x64.ActiveCfg = Release|x64
		{38BB17D8-C9C5-4619-A816-9ECF6564AF73}.Release|x64.Build.0 = Release|x64
		{38BB17D8-C9C5-4619-A816-9ECF6564AF73}.Release|x86.ActiveCfg = Release|Win32
		{38BB17D8-C9C5-4619-A816-9ECF6564AF73}.Release|x86.Build.0 = Release|Win32
		{B35ECA6C-525A-41F6-911F-B047A5A09F1D}.Debug|x64.ActiveCfg = Debug|x64
		{B35ECA6C-525A-41F6-911F-B047A5A09F1D}.Debug|x64.Build.0 = Debug|x64
		{B35ECA6C-525A-41F6-911F-B047A5A09F1D}.Debug|x86.ActiveCfg = Debug|Win32
		{B35ECA6C-525A-41F6-911F-B047A5A09F1D}.Debug|x86.Build.0 = Debug|Win32
		{B35ECA6C-525A-41F6-911F-B047A5A09F1D}.Release|x64.ActiveCfg = Release|x64
		{B35ECA6C-525A-41F6-911F-B047A5A09F1D}.Release|x64.Build.0 = Release|x64
		{B35ECA6C-525A-41F6-911F-B047A5A09F1D}.Release|x86.ActiveCfg = Release|Win32
		{B35ECA6C-525A-41F6-911F-B047A5A09F1D}.Release|x86.Build.0 = Release|Win32
		{CD3DF5FE-836A-42D7-A889-C9AE1096F262}.Debug|x64.ActiveCfg = Debug|x64
		{CD3DF5FE-836A-42D7-A889-C9AE1096F262}.Debug|x64.Build.0 = Debug|x64
		{CD3DF5FE-836A-42D7-A889-C9AE1096F262}.Debug|x86.ActiveCfg = Debug|Win32
		{CD3DF5FE-836A-42D7-A889-C9AE1096F262}.Debug|x86.Build.0 = Debug|Win32
		{CD3DF5FE-836A-42D7-A889-C9AE1096F262}.Release|x64.ActiveCfg = Release|x64
		{CD3DF5FE-836A-42D7-A889-C9AE1096F262}.Release|x64.Build.0 = Release|x64
		{CD3DF5FE-836A-42D7-A889-C9AE1096F262}.Release|x86.ActiveCfg = Release|Win32
		{CD3DF5FE-836A-42D7-A889-C9AE1096F262}.Release|x86.Build.0 = Release|Win32
		{34C36CD5-FE36-4B64-967D-D7E80F5FBA1A}.Debug|x64.ActiveCfg = Debug|x64
		{34C36CD5-FE36-4B64-967D-D7E80F5FBA1A}.Debug|x64.Build.0 = Debug|x64
		{34C36CD5-FE36-4B64-967D-D7E80F5FBA1A}.Debug|x86.ActiveCfg = Debug|Win32
		{34C36CD5-FE36-4B64-967D-D7E80F5FBA1A}.Debug|x86.Build.0 = Debug|Win32
		{34C36CD5-FE36-4B64-967D-D7E80F5FBA1A}.Release|x64.ActiveCfg = Release|x64
		{34C36CD5-FE36-4B64-967D-D7E80F5FBA1A}.Release|x64.Build.0 = Release|x64
		{34C36CD5-FE36-4B64-967D-D7E80F5FBA1A}.Release|x86.ActiveCfg = Release|Win32
		{34C36CD5-FE36-4B64-967D-D7E80F5FBA1A}.Release|x86.Build.0 = Release|Win32
		{2315D053-CA54-4073-BCCA-28021A301CC7}.Debug|x64.ActiveCfg = Debug|x64
		{2315D053-CA54-4073-BCCA-28021A301CC7}.Debug|x64.Build.0 = Debug|x64
		{2315D053-CA54-4073-BCCA-28021A301CC7}.Debug|x86.ActiveCfg = Debug|Win32
		{2315D053-CA54-4073-BCCA-28021A301CC7}.Debug|x86.Build.0 = Debug|Win32
		{2315D053-CA54-4073-BCCA-28021A301CC7}.Release|x64.ActiveCfg = Release|x64
		{2315D053-CA54-4073-BCCA-28021A301CC7}.Release|x64.Build.0 = Release|x64
		{2315D053-CA54-4073-BCCA-28021A301CC7}.Release|x86.ActiveCfg = Release|Win32
		{2315D053-CA54-4073-BCCA-28021A301CC7}.Release|x86.Build.0 = Release|Win32
	EndGlobalSection
	GlobalSection(SolutionProperties) = preSolution
		HideSolutionNode = FALSE
	EndGlobalSection
	GlobalSection(ExtensibilityGlobals) = postSolution
		SolutionGuid = {308AC0CD-EA09-4ACA-933B-1FB7644A8E20}
	EndGlobalSection
EndGlobal
